{
  "requires": true,
  "lockfileVersion": 1,
  "dependencies": {
    "normalize-scss": {
      "version": "7.0.0",
      "resolved": "https://registry.npmjs.org/normalize-scss/-/normalize-scss-7.0.0.tgz",
      "integrity": "sha1-kuqsZVTMN2M2wGaCoNaiCZu7CIk=",
      "dev": true
    },
    "skeleton-sass-official": {
      "version": "3.1.5",
      "resolved": "https://registry.npmjs.org/skeleton-sass-official/-/skeleton-sass-official-3.1.5.tgz",
      "integrity": "sha512-jpLzoCKRzvc9oMPXIk06+/axDSSxsAUTkO5WGLMcek2EaMiIZr9cXZkrOr8rj0Mw93Bx5NaM/NvyMKPGftyA7Q==",
      "dev": true,
      "requires": {
        "normalize-scss": "7.0.0"
      }
    }
  }
}
