{
  "name": "hugo-literati",
  "version": "1.0.0",
  "lockfileVersion": 1,
  "requires": true,
  "dependencies": {
    "normalize-scss": {
      "version": "7.0.1",
      "resolved": "https://registry.npmjs.org/normalize-scss/-/normalize-scss-7.0.1.tgz",
      "integrity": "sha512-qj16bWnYs+9/ac29IgGjySg4R5qQTp1lXfm7ApFOZNVBYFY8RZ3f8+XQNDDLHeDtI3Ba7Jj4+LuPgz9v/fne2A=="
    },
    "skeleton-sass-official": {
      "version": "3.1.6",
      "resolved": "https://registry.npmjs.org/skeleton-sass-official/-/skeleton-sass-official-3.1.6.tgz",
      "integrity": "sha512-/L2h9qW/LV+HbYU82AJKmkW4iU1xwR657cIvUkVyM7Unduepm3tcEVy7OW58DJvV4sMsi9X8hYjGy5gdxZcHTw==",
      "requires": {
        "normalize-scss": ">=5.0.4"
      }
    }
  }
}
